// !$*UTF8*$!
{
	archiveVersion = 1;
	classes = {
	};
	objectVersion = 77;
	objects = {

/* Begin PBXBuildFile section */
		CF0C2C4B2DC90F3B003995F3 /* Swinject in Frameworks */ = {isa = PBXBuildFile; productRef = CF0C2C4A2DC90F3B003995F3 /* Swinject */; };
		CF0C2C4E2DC92461003995F3 /* CreateTripController.swift in Sources */ = {isa = PBXBuildFile; fileRef = CF0C2C4D2DC92461003995F3 /* CreateTripController.swift */; };
		CF0C2C502DC92466003995F3 /* CreateTripView.swift in Sources */ = {isa = PBXBuildFile; fileRef = CF0C2C4F2DC92466003995F3 /* CreateTripView.swift */; };
		CF0C2C522DC9246A003995F3 /* CreateTripViewModel.swift in Sources */ = {isa = PBXBuildFile; fileRef = CF0C2C512DC9246A003995F3 /* CreateTripViewModel.swift */; };
		CF0C2C542DC92473003995F3 /* ICreateTripViewModel.swift in Sources */ = {isa = PBXBuildFile; fileRef = CF0C2C532DC92473003995F3 /* ICreateTripViewModel.swift */; };
		CF0C2C5B2DC9F1BE003995F3 /* EmptyController.swift in Sources */ = {isa = PBXBuildFile; fileRef = CF0C2C5A2DC9F1BE003995F3 /* EmptyController.swift */; };
		CF0C2C5D2DC9F37B003995F3 /* ICreateTripView.swift in Sources */ = {isa = PBXBuildFile; fileRef = CF0C2C5C2DC9F37B003995F3 /* ICreateTripView.swift */; };
		CF19AD3B2DBE8BF400FF45FE /* ICoordinator.swift in Sources */ = {isa = PBXBuildFile; fileRef = CF19AD3A2DBE8BF400FF45FE /* ICoordinator.swift */; };
		CF19AD3D2DBE8CD600FF45FE /* AppFlowCoordinator.swift in Sources */ = {isa = PBXBuildFile; fileRef = CF19AD3C2DBE8CD600FF45FE /* AppFlowCoordinator.swift */; };
		CF19AD3F2DBE8DC400FF45FE /* AuthCoordinator.swift in Sources */ = {isa = PBXBuildFile; fileRef = CF19AD3E2DBE8DC400FF45FE /* AuthCoordinator.swift */; };
		CF19AD412DBE946600FF45FE /* MainCoordinator.swift in Sources */ = {isa = PBXBuildFile; fileRef = CF19AD402DBE946600FF45FE /* MainCoordinator.swift */; };
		CF19AD452DBE9D7E00FF45FE /* IAuthCoordinator.swift in Sources */ = {isa = PBXBuildFile; fileRef = CF19AD442DBE9D7E00FF45FE /* IAuthCoordinator.swift */; };
		CF19AD472DBE9DD400FF45FE /* IMainCoordinator.swift in Sources */ = {isa = PBXBuildFile; fileRef = CF19AD462DBE9DD400FF45FE /* IMainCoordinator.swift */; };
		CF3556952DA8581700290A81 /* Assets.xcassets in Resources */ = {isa = PBXBuildFile; fileRef = CF35568A2DA8581700290A81 /* Assets.xcassets */; };
		CF3556972DA8581700290A81 /* LaunchScreen.storyboard in Resources */ = {isa = PBXBuildFile; fileRef = CF35568D2DA8581700290A81 /* LaunchScreen.storyboard */; };
		CF3556992DA8581700290A81 /* AppDelegate.swift in Sources */ = {isa = PBXBuildFile; fileRef = CF3556892DA8581700290A81 /* AppDelegate.swift */; };
		CF35569A2DA8581700290A81 /* SceneDelegate.swift in Sources */ = {isa = PBXBuildFile; fileRef = CF3556902DA8581700290A81 /* SceneDelegate.swift */; };
		CF35569B2DA8581700290A81 /* TTravelTogether.xcdatamodeld in Sources */ = {isa = PBXBuildFile; fileRef = CF3556912DA8581700290A81 /* TTravelTogether.xcdatamodeld */; };
		CF35569F2DA8581B00290A81 /* LoginModuleTest.swift in Sources */ = {isa = PBXBuildFile; fileRef = CF35569D2DA8581B00290A81 /* LoginModuleTest.swift */; };
		CF3556A32DA8581D00290A81 /* TTravelTogetherUITests.swift in Sources */ = {isa = PBXBuildFile; fileRef = CF3556A02DA8581D00290A81 /* TTravelTogetherUITests.swift */; };
		CF3556A42DA8581D00290A81 /* TTravelTogetherUITestsLaunchTests.swift in Sources */ = {isa = PBXBuildFile; fileRef = CF3556A12DA8581D00290A81 /* TTravelTogetherUITestsLaunchTests.swift */; };
		CF3B464E2DB1A9E3008C4CA0 /* IRegistrationView.swift in Sources */ = {isa = PBXBuildFile; fileRef = CF3B464D2DB1A9E3008C4CA0 /* IRegistrationView.swift */; };
		CF3B46752DB24A81008C4CA0 /* IRegistrationViewModel.swift in Sources */ = {isa = PBXBuildFile; fileRef = CF3B46732DB24A81008C4CA0 /* IRegistrationViewModel.swift */; };
		CF3B46762DB24A81008C4CA0 /* ILabelBuilder.swift in Sources */ = {isa = PBXBuildFile; fileRef = CF3B46702DB24A81008C4CA0 /* ILabelBuilder.swift */; };
		CF3B46772DB24A81008C4CA0 /* ILoginView.swift in Sources */ = {isa = PBXBuildFile; fileRef = CF3B46722DB24A81008C4CA0 /* ILoginView.swift */; };
		CF3B46782DB24A81008C4CA0 /* IButtonBuilder.swift in Sources */ = {isa = PBXBuildFile; fileRef = CF3B466E2DB24A81008C4CA0 /* IButtonBuilder.swift */; };
		CF3B46792DB24A81008C4CA0 /* ILoginViewModel.swift in Sources */ = {isa = PBXBuildFile; fileRef = CF3B46712DB24A81008C4CA0 /* ILoginViewModel.swift */; };
		CF3B467A2DB24A81008C4CA0 /* ITextFieldBuilder.swift in Sources */ = {isa = PBXBuildFile; fileRef = CF3B46742DB24A81008C4CA0 /* ITextFieldBuilder.swift */; };
		CF3B467B2DB24A81008C4CA0 /* IActivityIndicator.swift in Sources */ = {isa = PBXBuildFile; fileRef = CF3B466F2DB24A81008C4CA0 /* IActivityIndicator.swift */; };
		CF3B46812DB24B04008C4CA0 /* ModuleTypes.swift in Sources */ = {isa = PBXBuildFile; fileRef = CF3B46802DB24B04008C4CA0 /* ModuleTypes.swift */; };
		CF3B468C2DB2E0B0008C4CA0 /* RegistrationModuleTest.swift in Sources */ = {isa = PBXBuildFile; fileRef = CF3B468B2DB2E0B0008C4CA0 /* RegistrationModuleTest.swift */; };
		CF3B469C2DB57DBB008C4CA0 /* TabBarScreenTags.swift in Sources */ = {isa = PBXBuildFile; fileRef = CF3B469B2DB57DBB008C4CA0 /* TabBarScreenTags.swift */; };
		CF3B469E2DB58013008C4CA0 /* UITabBar+extension.swift in Sources */ = {isa = PBXBuildFile; fileRef = CF3B469D2DB58013008C4CA0 /* UITabBar+extension.swift */; };
		CF601D322DA93D7700E98B21 /* SnapKit in Frameworks */ = {isa = PBXBuildFile; productRef = CF601D312DA93D7700E98B21 /* SnapKit */; };
		CF64B92E2DAD982900255003 /* RegularExpressions.swift in Sources */ = {isa = PBXBuildFile; fileRef = CF64B92D2DAD982800255003 /* RegularExpressions.swift */; };
		CFAD6A502DAACDEF003930F3 /* LoginView.swift in Sources */ = {isa = PBXBuildFile; fileRef = CFAD6A4F2DAACDEF003930F3 /* LoginView.swift */; };
		CFAD6A522DAACDFC003930F3 /* LoginViewModel.swift in Sources */ = {isa = PBXBuildFile; fileRef = CFAD6A512DAACDFC003930F3 /* LoginViewModel.swift */; };
		CFAD6A542DAACE03003930F3 /* LoginController.swift in Sources */ = {isa = PBXBuildFile; fileRef = CFAD6A532DAACE03003930F3 /* LoginController.swift */; };
		CFAD6A572DAACFB5003930F3 /* TextFieldBuilder.swift in Sources */ = {isa = PBXBuildFile; fileRef = CFAD6A562DAACFB5003930F3 /* TextFieldBuilder.swift */; };
		CFAD6A5B2DAAEEF5003930F3 /* FontValues.swift in Sources */ = {isa = PBXBuildFile; fileRef = CFAD6A5A2DAAEEF5003930F3 /* FontValues.swift */; };
		CFAD6A5D2DAAEF0A003930F3 /* PaddingValues.swift in Sources */ = {isa = PBXBuildFile; fileRef = CFAD6A5C2DAAEF0A003930F3 /* PaddingValues.swift */; };
		CFAD6A5F2DAAF00D003930F3 /* ButtonBuilder.swift in Sources */ = {isa = PBXBuildFile; fileRef = CFAD6A5E2DAAF00D003930F3 /* ButtonBuilder.swift */; };
		CFAD6A612DAB02C5003930F3 /* UIElementsValues.swift in Sources */ = {isa = PBXBuildFile; fileRef = CFAD6A602DAB02C5003930F3 /* UIElementsValues.swift */; };
		CFAD6A642DABD36F003930F3 /* RegistrationView.swift in Sources */ = {isa = PBXBuildFile; fileRef = CFAD6A632DABD36F003930F3 /* RegistrationView.swift */; };
		CFAD6A662DABD378003930F3 /* RegistrationController.swift in Sources */ = {isa = PBXBuildFile; fileRef = CFAD6A652DABD378003930F3 /* RegistrationController.swift */; };
		CFAD6A682DABD381003930F3 /* RegistrationViewModel.swift in Sources */ = {isa = PBXBuildFile; fileRef = CFAD6A672DABD381003930F3 /* RegistrationViewModel.swift */; };
		CFAD6AA02DABD993003930F3 /* SFProText-Semibold.ttf in Resources */ = {isa = PBXBuildFile; fileRef = CFAD6A9D2DABD993003930F3 /* SFProText-Semibold.ttf */; };
		CFAD6AA12DABD993003930F3 /* SFProText-BoldItalic.ttf in Resources */ = {isa = PBXBuildFile; fileRef = CFAD6A942DABD993003930F3 /* SFProText-BoldItalic.ttf */; };
		CFAD6AA22DABD993003930F3 /* SFProText-MediumItalic.ttf in Resources */ = {isa = PBXBuildFile; fileRef = CFAD6A9A2DABD993003930F3 /* SFProText-MediumItalic.ttf */; };
		CFAD6AA42DABD993003930F3 /* SFProText-LightItalic.ttf in Resources */ = {isa = PBXBuildFile; fileRef = CFAD6A982DABD993003930F3 /* SFProText-LightItalic.ttf */; };
		CFAD6AA52DABD993003930F3 /* SFProText-Medium.ttf in Resources */ = {isa = PBXBuildFile; fileRef = CFAD6A992DABD993003930F3 /* SFProText-Medium.ttf */; };
		CFAD6AA62DABD993003930F3 /* SFProText-Heavy.ttf in Resources */ = {isa = PBXBuildFile; fileRef = CFAD6A952DABD993003930F3 /* SFProText-Heavy.ttf */; };
		CFAD6AA72DABD993003930F3 /* SFProText-Regular.ttf in Resources */ = {isa = PBXBuildFile; fileRef = CFAD6A9B2DABD993003930F3 /* SFProText-Regular.ttf */; };
		CFAD6AA92DABD993003930F3 /* SFProText-HeavyItalic.ttf in Resources */ = {isa = PBXBuildFile; fileRef = CFAD6A962DABD993003930F3 /* SFProText-HeavyItalic.ttf */; };
		CFAD6AAA2DABD993003930F3 /* SFProText-Bold.ttf in Resources */ = {isa = PBXBuildFile; fileRef = CFAD6A932DABD993003930F3 /* SFProText-Bold.ttf */; };
		CFAD6AAB2DABD993003930F3 /* SFProText-Light.ttf in Resources */ = {isa = PBXBuildFile; fileRef = CFAD6A972DABD993003930F3 /* SFProText-Light.ttf */; };
		CFAD6AAC2DABD993003930F3 /* SFProText-SemiboldItalic.ttf in Resources */ = {isa = PBXBuildFile; fileRef = CFAD6A9E2DABD993003930F3 /* SFProText-SemiboldItalic.ttf */; };
		CFAD6AAD2DABD993003930F3 /* SFProText-RegularItalic.ttf in Resources */ = {isa = PBXBuildFile; fileRef = CFAD6A9C2DABD993003930F3 /* SFProText-RegularItalic.ttf */; };
		CFAD6AB02DABDBAC003930F3 /* CustomFonts.swift in Sources */ = {isa = PBXBuildFile; fileRef = CFAD6AAF2DABDBAC003930F3 /* CustomFonts.swift */; };
		CFAD6AB22DABDC16003930F3 /* LabelBuilder.swift in Sources */ = {isa = PBXBuildFile; fileRef = CFAD6AB12DABDC16003930F3 /* LabelBuilder.swift */; };
		CFAD6AE32DAC0B30003930F3 /* UITextField+extension.swift in Sources */ = {isa = PBXBuildFile; fileRef = CFAD6AE22DAC0B30003930F3 /* UITextField+extension.swift */; };
		CFAD6AE52DAC1104003930F3 /* SystemImages.swift in Sources */ = {isa = PBXBuildFile; fileRef = CFAD6AE42DAC1104003930F3 /* SystemImages.swift */; };
		CFAD6AE72DAC1B88003930F3 /* UITextFieldDelegateDefaultImpl.swift in Sources */ = {isa = PBXBuildFile; fileRef = CFAD6AE62DAC1B88003930F3 /* UITextFieldDelegateDefaultImpl.swift */; };
		CFAD6AEA2DAC1BE5003930F3 /* UserTextFieldDelegate.swift in Sources */ = {isa = PBXBuildFile; fileRef = CFAD6AE92DAC1BE5003930F3 /* UserTextFieldDelegate.swift */; };
		CFAD6AEC2DAC21D7003930F3 /* UIView+extension.swift in Sources */ = {isa = PBXBuildFile; fileRef = CFAD6AEB2DAC21D7003930F3 /* UIView+extension.swift */; };
		CFAD6AF12DAC5E4D003930F3 /* ActivityIndicatorView.swift in Sources */ = {isa = PBXBuildFile; fileRef = CFAD6AF02DAC5E4D003930F3 /* ActivityIndicatorView.swift */; };
		CFAD6AF42DACF814003930F3 /* LoginErrors.swift in Sources */ = {isa = PBXBuildFile; fileRef = CFAD6AF32DACF814003930F3 /* LoginErrors.swift */; };
		CFAFBEE22DB6C1D3002FA8EF /* TripsTableDelegate.swift in Sources */ = {isa = PBXBuildFile; fileRef = CFAFBEE12DB6C1D3002FA8EF /* TripsTableDelegate.swift */; };
		CFAFBEE52DB6EB74002FA8EF /* SkeletonView in Frameworks */ = {isa = PBXBuildFile; productRef = CFAFBEE42DB6EB74002FA8EF /* SkeletonView */; };
		CFAFBEE82DB77ABF002FA8EF /* TripDetailView.swift in Sources */ = {isa = PBXBuildFile; fileRef = CFAFBEE72DB77ABF002FA8EF /* TripDetailView.swift */; };
		CFAFBEEA2DB77AC5002FA8EF /* TripDetailController.swift in Sources */ = {isa = PBXBuildFile; fileRef = CFAFBEE92DB77AC5002FA8EF /* TripDetailController.swift */; };
		CFAFBEEC2DB77ACC002FA8EF /* TripDetailViewModel.swift in Sources */ = {isa = PBXBuildFile; fileRef = CFAFBEEB2DB77ACC002FA8EF /* TripDetailViewModel.swift */; };
		CFAFBEEE2DB77ADC002FA8EF /* ITripDetailViewModel.swift in Sources */ = {isa = PBXBuildFile; fileRef = CFAFBEED2DB77ADC002FA8EF /* ITripDetailViewModel.swift */; };
		CFAFBEF02DB78631002FA8EF /* TripDetail.swift in Sources */ = {isa = PBXBuildFile; fileRef = CFAFBEEF2DB78631002FA8EF /* TripDetail.swift */; };
		CFAFBEF22DB787BC002FA8EF /* NetworkErrors.swift in Sources */ = {isa = PBXBuildFile; fileRef = CFAFBEF12DB787BC002FA8EF /* NetworkErrors.swift */; };
		CFAFC6032DB7F497002FA8EF /* TripDateView.swift in Sources */ = {isa = PBXBuildFile; fileRef = CFAFC6022DB7F497002FA8EF /* TripDateView.swift */; };
		CFAFC6052DB82608002FA8EF /* User.swift in Sources */ = {isa = PBXBuildFile; fileRef = CFAFC6042DB82608002FA8EF /* User.swift */; };
		CFAFC6082DB827F3002FA8EF /* MemberCollectionViewCell.swift in Sources */ = {isa = PBXBuildFile; fileRef = CFAFC6072DB827F3002FA8EF /* MemberCollectionViewCell.swift */; };
		CFAFC60A2DB828E6002FA8EF /* MembersCollectionDataSource.swift in Sources */ = {isa = PBXBuildFile; fileRef = CFAFC6092DB828E6002FA8EF /* MembersCollectionDataSource.swift */; };
		CFAFC60C2DB91431002FA8EF /* Int+extension.swift in Sources */ = {isa = PBXBuildFile; fileRef = CFAFC60B2DB91431002FA8EF /* Int+extension.swift */; };
		CFAFC60E2DB91BB3002FA8EF /* CGFLoat+extension.swift in Sources */ = {isa = PBXBuildFile; fileRef = CFAFC60D2DB91BB3002FA8EF /* CGFLoat+extension.swift */; };
		CFB11FD12DB59D7300609CEF /* UIImage+extension.swift in Sources */ = {isa = PBXBuildFile; fileRef = CFB11FD02DB59D7300609CEF /* UIImage+extension.swift */; };
		CFB11FDA2DB62A7C00609CEF /* String+extension.swift in Sources */ = {isa = PBXBuildFile; fileRef = CFB11FD92DB62A7C00609CEF /* String+extension.swift */; };
		CFB11FDC2DB62D8300609CEF /* IMyTripsViewModel.swift in Sources */ = {isa = PBXBuildFile; fileRef = CFB11FDB2DB62D8300609CEF /* IMyTripsViewModel.swift */; };
		CFB11FDF2DB62F5600609CEF /* Trip.swift in Sources */ = {isa = PBXBuildFile; fileRef = CFB11FDE2DB62F5600609CEF /* Trip.swift */; };
		CFB11FE62DB637E500609CEF /* Sections.swift in Sources */ = {isa = PBXBuildFile; fileRef = CFB11FE52DB637E500609CEF /* Sections.swift */; };
		CFB11FE82DB6511500609CEF /* Currency.swift in Sources */ = {isa = PBXBuildFile; fileRef = CFB11FE72DB6511500609CEF /* Currency.swift */; };
		CFB11FED2DB684E700609CEF /* IAppFormatter.swift in Sources */ = {isa = PBXBuildFile; fileRef = CFB11FEC2DB684E700609CEF /* IAppFormatter.swift */; };
		CFB11FF02DB6855B00609CEF /* AppFormatter.swift in Sources */ = {isa = PBXBuildFile; fileRef = CFB11FEF2DB6855B00609CEF /* AppFormatter.swift */; };
		CFB11FF92DB688E900609CEF /* MyTripsView.swift in Sources */ = {isa = PBXBuildFile; fileRef = CFB11FF42DB688E900609CEF /* MyTripsView.swift */; };
		CFB11FFA2DB688E900609CEF /* MyTripsViewModel.swift in Sources */ = {isa = PBXBuildFile; fileRef = CFB11FF52DB688E900609CEF /* MyTripsViewModel.swift */; };
		CFB11FFD2DB6891B00609CEF /* TripsTableDataSource.swift in Sources */ = {isa = PBXBuildFile; fileRef = CFB11FFB2DB6891B00609CEF /* TripsTableDataSource.swift */; };
		CFB11FFE2DB6891B00609CEF /* TripTableViewCell.swift in Sources */ = {isa = PBXBuildFile; fileRef = CFB11FFC2DB6891B00609CEF /* TripTableViewCell.swift */; };
		CFB11FFF2DB68B4400609CEF /* MyTripsController.swift in Sources */ = {isa = PBXBuildFile; fileRef = CFB11FF62DB688E900609CEF /* MyTripsController.swift */; };
		CFCD372D2DBF4EAC0037A854 /* SwinjectContainer.swift in Sources */ = {isa = PBXBuildFile; fileRef = CFCD372C2DBF4EAC0037A854 /* SwinjectContainer.swift */; };
		CFCD37302DBF5C960037A854 /* DependencyContainerProtocol.swift in Sources */ = {isa = PBXBuildFile; fileRef = CFCD372F2DBF5C960037A854 /* DependencyContainerProtocol.swift */; };
/* End PBXBuildFile section */

/* Begin PBXContainerItemProxy section */
		CF35566C2DA857DF00290A81 /* PBXContainerItemProxy */ = {
			isa = PBXContainerItemProxy;
			containerPortal = CF35564A2DA857DC00290A81 /* Project object */;
			proxyType = 1;
			remoteGlobalIDString = CF3556512DA857DC00290A81;
			remoteInfo = TTravelTogether;
		};
		CF3556762DA857DF00290A81 /* PBXContainerItemProxy */ = {
			isa = PBXContainerItemProxy;
			containerPortal = CF35564A2DA857DC00290A81 /* Project object */;
			proxyType = 1;
			remoteGlobalIDString = CF3556512DA857DC00290A81;
			remoteInfo = TTravelTogether;
		};
/* End PBXContainerItemProxy section */

/* Begin PBXFileReference section */
		CF0C2C4D2DC92461003995F3 /* CreateTripController.swift */ = {isa = PBXFileReference; lastKnownFileType = sourcecode.swift; path = CreateTripController.swift; sourceTree = "<group>"; };
		CF0C2C4F2DC92466003995F3 /* CreateTripView.swift */ = {isa = PBXFileReference; lastKnownFileType = sourcecode.swift; path = CreateTripView.swift; sourceTree = "<group>"; };
		CF0C2C512DC9246A003995F3 /* CreateTripViewModel.swift */ = {isa = PBXFileReference; lastKnownFileType = sourcecode.swift; path = CreateTripViewModel.swift; sourceTree = "<group>"; };
		CF0C2C532DC92473003995F3 /* ICreateTripViewModel.swift */ = {isa = PBXFileReference; lastKnownFileType = sourcecode.swift; path = ICreateTripViewModel.swift; sourceTree = "<group>"; };
		CF0C2C5A2DC9F1BE003995F3 /* EmptyController.swift */ = {isa = PBXFileReference; lastKnownFileType = sourcecode.swift; path = EmptyController.swift; sourceTree = "<group>"; };
		CF0C2C5C2DC9F37B003995F3 /* ICreateTripView.swift */ = {isa = PBXFileReference; lastKnownFileType = sourcecode.swift; path = ICreateTripView.swift; sourceTree = "<group>"; };
		CF19AD3A2DBE8BF400FF45FE /* ICoordinator.swift */ = {isa = PBXFileReference; lastKnownFileType = sourcecode.swift; path = ICoordinator.swift; sourceTree = "<group>"; };
		CF19AD3C2DBE8CD600FF45FE /* AppFlowCoordinator.swift */ = {isa = PBXFileReference; lastKnownFileType = sourcecode.swift; path = AppFlowCoordinator.swift; sourceTree = "<group>"; };
		CF19AD3E2DBE8DC400FF45FE /* AuthCoordinator.swift */ = {isa = PBXFileReference; lastKnownFileType = sourcecode.swift; path = AuthCoordinator.swift; sourceTree = "<group>"; };
		CF19AD402DBE946600FF45FE /* MainCoordinator.swift */ = {isa = PBXFileReference; lastKnownFileType = sourcecode.swift; path = MainCoordinator.swift; sourceTree = "<group>"; };
		CF19AD442DBE9D7E00FF45FE /* IAuthCoordinator.swift */ = {isa = PBXFileReference; lastKnownFileType = sourcecode.swift; path = IAuthCoordinator.swift; sourceTree = "<group>"; };
		CF19AD462DBE9DD400FF45FE /* IMainCoordinator.swift */ = {isa = PBXFileReference; lastKnownFileType = sourcecode.swift; path = IMainCoordinator.swift; sourceTree = "<group>"; };
		CF3556522DA857DC00290A81 /* TTravelTogether.app */ = {isa = PBXFileReference; explicitFileType = wrapper.application; includeInIndex = 0; path = TTravelTogether.app; sourceTree = BUILT_PRODUCTS_DIR; };
		CF35566B2DA857DF00290A81 /* TTravelTogetherTests.xctest */ = {isa = PBXFileReference; explicitFileType = wrapper.cfbundle; includeInIndex = 0; path = TTravelTogetherTests.xctest; sourceTree = BUILT_PRODUCTS_DIR; };
		CF3556752DA857DF00290A81 /* TTravelTogetherUITests.xctest */ = {isa = PBXFileReference; explicitFileType = wrapper.cfbundle; includeInIndex = 0; path = TTravelTogetherUITests.xctest; sourceTree = BUILT_PRODUCTS_DIR; };
		CF3556892DA8581700290A81 /* AppDelegate.swift */ = {isa = PBXFileReference; lastKnownFileType = sourcecode.swift; path = AppDelegate.swift; sourceTree = "<group>"; };
		CF35568A2DA8581700290A81 /* Assets.xcassets */ = {isa = PBXFileReference; lastKnownFileType = folder.assetcatalog; path = Assets.xcassets; sourceTree = "<group>"; };
		CF35568B2DA8581700290A81 /* Info.plist */ = {isa = PBXFileReference; lastKnownFileType = text.plist.xml; path = Info.plist; sourceTree = "<group>"; };
		CF35568C2DA8581700290A81 /* Base */ = {isa = PBXFileReference; lastKnownFileType = file.storyboard; name = Base; path = Base.lproj/LaunchScreen.storyboard; sourceTree = "<group>"; };
		CF3556902DA8581700290A81 /* SceneDelegate.swift */ = {isa = PBXFileReference; lastKnownFileType = sourcecode.swift; path = SceneDelegate.swift; sourceTree = "<group>"; };
		CF3556942DA8581700290A81 /* TTravelTogether.xcdatamodel */ = {isa = PBXFileReference; lastKnownFileType = wrapper.xcdatamodel; path = TTravelTogether.xcdatamodel; sourceTree = "<group>"; };
		CF35569D2DA8581B00290A81 /* LoginModuleTest.swift */ = {isa = PBXFileReference; lastKnownFileType = sourcecode.swift; path = LoginModuleTest.swift; sourceTree = "<group>"; };
		CF3556A02DA8581D00290A81 /* TTravelTogetherUITests.swift */ = {isa = PBXFileReference; lastKnownFileType = sourcecode.swift; path = TTravelTogetherUITests.swift; sourceTree = "<group>"; };
		CF3556A12DA8581D00290A81 /* TTravelTogetherUITestsLaunchTests.swift */ = {isa = PBXFileReference; lastKnownFileType = sourcecode.swift; path = TTravelTogetherUITestsLaunchTests.swift; sourceTree = "<group>"; };
		CF3B464D2DB1A9E3008C4CA0 /* IRegistrationView.swift */ = {isa = PBXFileReference; lastKnownFileType = sourcecode.swift; path = IRegistrationView.swift; sourceTree = "<group>"; };
		CF3B466E2DB24A81008C4CA0 /* IButtonBuilder.swift */ = {isa = PBXFileReference; lastKnownFileType = sourcecode.swift; path = IButtonBuilder.swift; sourceTree = "<group>"; };
		CF3B466F2DB24A81008C4CA0 /* IActivityIndicator.swift */ = {isa = PBXFileReference; lastKnownFileType = sourcecode.swift; path = IActivityIndicator.swift; sourceTree = "<group>"; };
		CF3B46702DB24A81008C4CA0 /* ILabelBuilder.swift */ = {isa = PBXFileReference; lastKnownFileType = sourcecode.swift; path = ILabelBuilder.swift; sourceTree = "<group>"; };
		CF3B46712DB24A81008C4CA0 /* ILoginViewModel.swift */ = {isa = PBXFileReference; lastKnownFileType = sourcecode.swift; path = ILoginViewModel.swift; sourceTree = "<group>"; };
		CF3B46722DB24A81008C4CA0 /* ILoginView.swift */ = {isa = PBXFileReference; lastKnownFileType = sourcecode.swift; path = ILoginView.swift; sourceTree = "<group>"; };
		CF3B46732DB24A81008C4CA0 /* IRegistrationViewModel.swift */ = {isa = PBXFileReference; lastKnownFileType = sourcecode.swift; path = IRegistrationViewModel.swift; sourceTree = "<group>"; };
		CF3B46742DB24A81008C4CA0 /* ITextFieldBuilder.swift */ = {isa = PBXFileReference; lastKnownFileType = sourcecode.swift; path = ITextFieldBuilder.swift; sourceTree = "<group>"; };
		CF3B46802DB24B04008C4CA0 /* ModuleTypes.swift */ = {isa = PBXFileReference; lastKnownFileType = sourcecode.swift; path = ModuleTypes.swift; sourceTree = "<group>"; };
		CF3B468B2DB2E0B0008C4CA0 /* RegistrationModuleTest.swift */ = {isa = PBXFileReference; lastKnownFileType = sourcecode.swift; path = RegistrationModuleTest.swift; sourceTree = "<group>"; };
		CF3B469B2DB57DBB008C4CA0 /* TabBarScreenTags.swift */ = {isa = PBXFileReference; lastKnownFileType = sourcecode.swift; path = TabBarScreenTags.swift; sourceTree = "<group>"; };
		CF3B469D2DB58013008C4CA0 /* UITabBar+extension.swift */ = {isa = PBXFileReference; lastKnownFileType = sourcecode.swift; path = "UITabBar+extension.swift"; sourceTree = "<group>"; };
		CF64B92D2DAD982800255003 /* RegularExpressions.swift */ = {isa = PBXFileReference; lastKnownFileType = sourcecode.swift; path = RegularExpressions.swift; sourceTree = "<group>"; };
		CFAD6A4F2DAACDEF003930F3 /* LoginView.swift */ = {isa = PBXFileReference; lastKnownFileType = sourcecode.swift; path = LoginView.swift; sourceTree = "<group>"; };
		CFAD6A512DAACDFC003930F3 /* LoginViewModel.swift */ = {isa = PBXFileReference; lastKnownFileType = sourcecode.swift; path = LoginViewModel.swift; sourceTree = "<group>"; };
		CFAD6A532DAACE03003930F3 /* LoginController.swift */ = {isa = PBXFileReference; lastKnownFileType = sourcecode.swift; path = LoginController.swift; sourceTree = "<group>"; };
		CFAD6A562DAACFB5003930F3 /* TextFieldBuilder.swift */ = {isa = PBXFileReference; lastKnownFileType = sourcecode.swift; path = TextFieldBuilder.swift; sourceTree = "<group>"; };
		CFAD6A5A2DAAEEF5003930F3 /* FontValues.swift */ = {isa = PBXFileReference; lastKnownFileType = sourcecode.swift; path = FontValues.swift; sourceTree = "<group>"; };
		CFAD6A5C2DAAEF0A003930F3 /* PaddingValues.swift */ = {isa = PBXFileReference; lastKnownFileType = sourcecode.swift; path = PaddingValues.swift; sourceTree = "<group>"; };
		CFAD6A5E2DAAF00D003930F3 /* ButtonBuilder.swift */ = {isa = PBXFileReference; lastKnownFileType = sourcecode.swift; path = ButtonBuilder.swift; sourceTree = "<group>"; };
		CFAD6A602DAB02C5003930F3 /* UIElementsValues.swift */ = {isa = PBXFileReference; lastKnownFileType = sourcecode.swift; path = UIElementsValues.swift; sourceTree = "<group>"; };
		CFAD6A632DABD36F003930F3 /* RegistrationView.swift */ = {isa = PBXFileReference; lastKnownFileType = sourcecode.swift; path = RegistrationView.swift; sourceTree = "<group>"; };
		CFAD6A652DABD378003930F3 /* RegistrationController.swift */ = {isa = PBXFileReference; lastKnownFileType = sourcecode.swift; path = RegistrationController.swift; sourceTree = "<group>"; };
		CFAD6A672DABD381003930F3 /* RegistrationViewModel.swift */ = {isa = PBXFileReference; lastKnownFileType = sourcecode.swift; path = RegistrationViewModel.swift; sourceTree = "<group>"; };
		CFAD6A932DABD993003930F3 /* SFProText-Bold.ttf */ = {isa = PBXFileReference; lastKnownFileType = file; path = "SFProText-Bold.ttf"; sourceTree = "<group>"; };
		CFAD6A942DABD993003930F3 /* SFProText-BoldItalic.ttf */ = {isa = PBXFileReference; lastKnownFileType = file; path = "SFProText-BoldItalic.ttf"; sourceTree = "<group>"; };
		CFAD6A952DABD993003930F3 /* SFProText-Heavy.ttf */ = {isa = PBXFileReference; lastKnownFileType = file; path = "SFProText-Heavy.ttf"; sourceTree = "<group>"; };
		CFAD6A962DABD993003930F3 /* SFProText-HeavyItalic.ttf */ = {isa = PBXFileReference; lastKnownFileType = file; path = "SFProText-HeavyItalic.ttf"; sourceTree = "<group>"; };
		CFAD6A972DABD993003930F3 /* SFProText-Light.ttf */ = {isa = PBXFileReference; lastKnownFileType = file; path = "SFProText-Light.ttf"; sourceTree = "<group>"; };
		CFAD6A982DABD993003930F3 /* SFProText-LightItalic.ttf */ = {isa = PBXFileReference; lastKnownFileType = file; path = "SFProText-LightItalic.ttf"; sourceTree = "<group>"; };
		CFAD6A992DABD993003930F3 /* SFProText-Medium.ttf */ = {isa = PBXFileReference; lastKnownFileType = file; path = "SFProText-Medium.ttf"; sourceTree = "<group>"; };
		CFAD6A9A2DABD993003930F3 /* SFProText-MediumItalic.ttf */ = {isa = PBXFileReference; lastKnownFileType = file; path = "SFProText-MediumItalic.ttf"; sourceTree = "<group>"; };
		CFAD6A9B2DABD993003930F3 /* SFProText-Regular.ttf */ = {isa = PBXFileReference; lastKnownFileType = file; path = "SFProText-Regular.ttf"; sourceTree = "<group>"; };
		CFAD6A9C2DABD993003930F3 /* SFProText-RegularItalic.ttf */ = {isa = PBXFileReference; lastKnownFileType = file; path = "SFProText-RegularItalic.ttf"; sourceTree = "<group>"; };
		CFAD6A9D2DABD993003930F3 /* SFProText-Semibold.ttf */ = {isa = PBXFileReference; lastKnownFileType = file; path = "SFProText-Semibold.ttf"; sourceTree = "<group>"; };
		CFAD6A9E2DABD993003930F3 /* SFProText-SemiboldItalic.ttf */ = {isa = PBXFileReference; lastKnownFileType = file; path = "SFProText-SemiboldItalic.ttf"; sourceTree = "<group>"; };
		CFAD6AAF2DABDBAC003930F3 /* CustomFonts.swift */ = {isa = PBXFileReference; lastKnownFileType = sourcecode.swift; path = CustomFonts.swift; sourceTree = "<group>"; };
		CFAD6AB12DABDC16003930F3 /* LabelBuilder.swift */ = {isa = PBXFileReference; lastKnownFileType = sourcecode.swift; path = LabelBuilder.swift; sourceTree = "<group>"; };
		CFAD6AB32DABF66D003930F3 /* ru */ = {isa = PBXFileReference; lastKnownFileType = text.plist.strings; name = ru; path = ru.lproj/LaunchScreen.strings; sourceTree = "<group>"; };
		CFAD6AE22DAC0B30003930F3 /* UITextField+extension.swift */ = {isa = PBXFileReference; lastKnownFileType = sourcecode.swift; path = "UITextField+extension.swift"; sourceTree = "<group>"; };
		CFAD6AE42DAC1104003930F3 /* SystemImages.swift */ = {isa = PBXFileReference; lastKnownFileType = sourcecode.swift; path = SystemImages.swift; sourceTree = "<group>"; };
		CFAD6AE62DAC1B88003930F3 /* UITextFieldDelegateDefaultImpl.swift */ = {isa = PBXFileReference; lastKnownFileType = sourcecode.swift; path = UITextFieldDelegateDefaultImpl.swift; sourceTree = "<group>"; };
		CFAD6AE92DAC1BE5003930F3 /* UserTextFieldDelegate.swift */ = {isa = PBXFileReference; lastKnownFileType = sourcecode.swift; path = UserTextFieldDelegate.swift; sourceTree = "<group>"; };
		CFAD6AEB2DAC21D7003930F3 /* UIView+extension.swift */ = {isa = PBXFileReference; lastKnownFileType = sourcecode.swift; path = "UIView+extension.swift"; sourceTree = "<group>"; };
		CFAD6AF02DAC5E4D003930F3 /* ActivityIndicatorView.swift */ = {isa = PBXFileReference; lastKnownFileType = sourcecode.swift; path = ActivityIndicatorView.swift; sourceTree = "<group>"; };
		CFAD6AF32DACF814003930F3 /* LoginErrors.swift */ = {isa = PBXFileReference; lastKnownFileType = sourcecode.swift; path = LoginErrors.swift; sourceTree = "<group>"; };
		CFAFBEE12DB6C1D3002FA8EF /* TripsTableDelegate.swift */ = {isa = PBXFileReference; lastKnownFileType = sourcecode.swift; path = TripsTableDelegate.swift; sourceTree = "<group>"; };
		CFAFBEE72DB77ABF002FA8EF /* TripDetailView.swift */ = {isa = PBXFileReference; lastKnownFileType = sourcecode.swift; path = TripDetailView.swift; sourceTree = "<group>"; };
		CFAFBEE92DB77AC5002FA8EF /* TripDetailController.swift */ = {isa = PBXFileReference; lastKnownFileType = sourcecode.swift; path = TripDetailController.swift; sourceTree = "<group>"; };
		CFAFBEEB2DB77ACC002FA8EF /* TripDetailViewModel.swift */ = {isa = PBXFileReference; lastKnownFileType = sourcecode.swift; path = TripDetailViewModel.swift; sourceTree = "<group>"; };
		CFAFBEED2DB77ADC002FA8EF /* ITripDetailViewModel.swift */ = {isa = PBXFileReference; lastKnownFileType = sourcecode.swift; path = ITripDetailViewModel.swift; sourceTree = "<group>"; };
		CFAFBEEF2DB78631002FA8EF /* TripDetail.swift */ = {isa = PBXFileReference; lastKnownFileType = sourcecode.swift; path = TripDetail.swift; sourceTree = "<group>"; };
		CFAFBEF12DB787BC002FA8EF /* NetworkErrors.swift */ = {isa = PBXFileReference; lastKnownFileType = sourcecode.swift; path = NetworkErrors.swift; sourceTree = "<group>"; };
		CFAFC6022DB7F497002FA8EF /* TripDateView.swift */ = {isa = PBXFileReference; lastKnownFileType = sourcecode.swift; path = TripDateView.swift; sourceTree = "<group>"; };
		CFAFC6042DB82608002FA8EF /* User.swift */ = {isa = PBXFileReference; lastKnownFileType = sourcecode.swift; path = User.swift; sourceTree = "<group>"; };
		CFAFC6072DB827F3002FA8EF /* MemberCollectionViewCell.swift */ = {isa = PBXFileReference; lastKnownFileType = sourcecode.swift; path = MemberCollectionViewCell.swift; sourceTree = "<group>"; };
		CFAFC6092DB828E6002FA8EF /* MembersCollectionDataSource.swift */ = {isa = PBXFileReference; lastKnownFileType = sourcecode.swift; path = MembersCollectionDataSource.swift; sourceTree = "<group>"; };
		CFAFC60B2DB91431002FA8EF /* Int+extension.swift */ = {isa = PBXFileReference; lastKnownFileType = sourcecode.swift; path = "Int+extension.swift"; sourceTree = "<group>"; };
		CFAFC60D2DB91BB3002FA8EF /* CGFLoat+extension.swift */ = {isa = PBXFileReference; lastKnownFileType = sourcecode.swift; path = "CGFLoat+extension.swift"; sourceTree = "<group>"; };
		CFB11FD02DB59D7300609CEF /* UIImage+extension.swift */ = {isa = PBXFileReference; lastKnownFileType = sourcecode.swift; path = "UIImage+extension.swift"; sourceTree = "<group>"; };
		CFB11FD92DB62A7C00609CEF /* String+extension.swift */ = {isa = PBXFileReference; lastKnownFileType = sourcecode.swift; path = "String+extension.swift"; sourceTree = "<group>"; };
		CFB11FDB2DB62D8300609CEF /* IMyTripsViewModel.swift */ = {isa = PBXFileReference; lastKnownFileType = sourcecode.swift; path = IMyTripsViewModel.swift; sourceTree = "<group>"; };
		CFB11FDE2DB62F5600609CEF /* Trip.swift */ = {isa = PBXFileReference; lastKnownFileType = sourcecode.swift; path = Trip.swift; sourceTree = "<group>"; };
		CFB11FE52DB637E500609CEF /* Sections.swift */ = {isa = PBXFileReference; lastKnownFileType = sourcecode.swift; path = Sections.swift; sourceTree = "<group>"; };
		CFB11FE72DB6511500609CEF /* Currency.swift */ = {isa = PBXFileReference; lastKnownFileType = sourcecode.swift; path = Currency.swift; sourceTree = "<group>"; };
		CFB11FEC2DB684E700609CEF /* IAppFormatter.swift */ = {isa = PBXFileReference; lastKnownFileType = sourcecode.swift; path = IAppFormatter.swift; sourceTree = "<group>"; };
		CFB11FEF2DB6855B00609CEF /* AppFormatter.swift */ = {isa = PBXFileReference; lastKnownFileType = sourcecode.swift; path = AppFormatter.swift; sourceTree = "<group>"; };
		CFB11FF42DB688E900609CEF /* MyTripsView.swift */ = {isa = PBXFileReference; lastKnownFileType = sourcecode.swift; path = MyTripsView.swift; sourceTree = "<group>"; };
		CFB11FF52DB688E900609CEF /* MyTripsViewModel.swift */ = {isa = PBXFileReference; lastKnownFileType = sourcecode.swift; path = MyTripsViewModel.swift; sourceTree = "<group>"; };
		CFB11FF62DB688E900609CEF /* MyTripsController.swift */ = {isa = PBXFileReference; lastKnownFileType = sourcecode.swift; path = MyTripsController.swift; sourceTree = "<group>"; };
		CFB11FFB2DB6891B00609CEF /* TripsTableDataSource.swift */ = {isa = PBXFileReference; lastKnownFileType = sourcecode.swift; path = TripsTableDataSource.swift; sourceTree = "<group>"; };
		CFB11FFC2DB6891B00609CEF /* TripTableViewCell.swift */ = {isa = PBXFileReference; lastKnownFileType = sourcecode.swift; path = TripTableViewCell.swift; sourceTree = "<group>"; };
		CFCD372C2DBF4EAC0037A854 /* SwinjectContainer.swift */ = {isa = PBXFileReference; lastKnownFileType = sourcecode.swift; path = SwinjectContainer.swift; sourceTree = "<group>"; };
		CFCD372F2DBF5C960037A854 /* DependencyContainerProtocol.swift */ = {isa = PBXFileReference; lastKnownFileType = sourcecode.swift; path = DependencyContainerProtocol.swift; sourceTree = "<group>"; };
/* End PBXFileReference section */

/* Begin PBXFrameworksBuildPhase section */
		CF35564F2DA857DC00290A81 /* Frameworks */ = {
			isa = PBXFrameworksBuildPhase;
			buildActionMask = 2147483647;
			files = (
				CFAFBEE52DB6EB74002FA8EF /* SkeletonView in Frameworks */,
				CF601D322DA93D7700E98B21 /* SnapKit in Frameworks */,
				CF0C2C4B2DC90F3B003995F3 /* Swinject in Frameworks */,
			);
			runOnlyForDeploymentPostprocessing = 0;
		};
		CF3556682DA857DF00290A81 /* Frameworks */ = {
			isa = PBXFrameworksBuildPhase;
			buildActionMask = 2147483647;
			files = (
			);
			runOnlyForDeploymentPostprocessing = 0;
		};
		CF3556722DA857DF00290A81 /* Frameworks */ = {
			isa = PBXFrameworksBuildPhase;
			buildActionMask = 2147483647;
			files = (
			);
			runOnlyForDeploymentPostprocessing = 0;
		};
/* End PBXFrameworksBuildPhase section */

/* Begin PBXGroup section */
		CF0C2C4C2DC920FD003995F3 /* CreateTrip */ = {
			isa = PBXGroup;
			children = (
				CF0C2C4D2DC92461003995F3 /* CreateTripController.swift */,
				CF0C2C4F2DC92466003995F3 /* CreateTripView.swift */,
				CF0C2C512DC9246A003995F3 /* CreateTripViewModel.swift */,
				CF0C2C5A2DC9F1BE003995F3 /* EmptyController.swift */,
			);
			path = CreateTrip;
			sourceTree = "<group>";
		};
		CF3556492DA857DC00290A81 = {
			isa = PBXGroup;
			children = (
				CF3556932DA8581700290A81 /* TTravelTogether */,
				CF35569E2DA8581B00290A81 /* TTravelTogetherTests */,
				CF3556A22DA8581D00290A81 /* TTravelTogetherUITests */,
				CF3556532DA857DC00290A81 /* Products */,
			);
			sourceTree = "<group>";
		};
		CF3556532DA857DC00290A81 /* Products */ = {
			isa = PBXGroup;
			children = (
				CF3556522DA857DC00290A81 /* TTravelTogether.app */,
				CF35566B2DA857DF00290A81 /* TTravelTogetherTests.xctest */,
				CF3556752DA857DF00290A81 /* TTravelTogetherUITests.xctest */,
			);
			name = Products;
			sourceTree = "<group>";
		};
		CF3556932DA8581700290A81 /* TTravelTogether */ = {
			isa = PBXGroup;
			children = (
				CF3556912DA8581700290A81 /* TTravelTogether.xcdatamodeld */,
				CF35568A2DA8581700290A81 /* Assets.xcassets */,
				CF35568B2DA8581700290A81 /* Info.plist */,
				CF35568D2DA8581700290A81 /* LaunchScreen.storyboard */,
				CF3556892DA8581700290A81 /* AppDelegate.swift */,
				CF3556902DA8581700290A81 /* SceneDelegate.swift */,
				CFB11FEE2DB6855400609CEF /* Formatter */,
				CFB11FDD2DB62F3400609CEF /* Model */,
				CFAD6AF22DACF80B003930F3 /* Errors */,
				CFAD6AE12DAC0B21003930F3 /* Extensions */,
				CFAD6A6A2DABD81C003930F3 /* Fonts */,
				CF3B464F2DB23D5C008C4CA0 /* Factory */,
				CFAD6A592DAAEEE9003930F3 /* Support */,
				CF3B466C2DB23E35008C4CA0 /* Protocols */,
				CF3B46392DB1A3BD008C4CA0 /* Coordinator */,
				CFAD6A552DAACF9A003930F3 /* Custom */,
				CFAD6A4D2DAACDAF003930F3 /* Modules */,
			);
			path = TTravelTogether;
			sourceTree = "<group>";
		};
		CF35569E2DA8581B00290A81 /* TTravelTogetherTests */ = {
			isa = PBXGroup;
			children = (
				CF3B468A2DB2E002008C4CA0 /* RegistrationModuleTests */,
				CF3B46872DB2D3AA008C4CA0 /* LoginModuleTests */,
			);
			path = TTravelTogetherTests;
			sourceTree = "<group>";
		};
		CF3556A22DA8581D00290A81 /* TTravelTogetherUITests */ = {
			isa = PBXGroup;
			children = (
				CF3556A02DA8581D00290A81 /* TTravelTogetherUITests.swift */,
				CF3556A12DA8581D00290A81 /* TTravelTogetherUITestsLaunchTests.swift */,
			);
			path = TTravelTogetherUITests;
			sourceTree = "<group>";
		};
		CF3B46392DB1A3BD008C4CA0 /* Coordinator */ = {
			isa = PBXGroup;
			children = (
				CF19AD3C2DBE8CD600FF45FE /* AppFlowCoordinator.swift */,
				CF19AD3E2DBE8DC400FF45FE /* AuthCoordinator.swift */,
				CF19AD402DBE946600FF45FE /* MainCoordinator.swift */,
			);
			path = Coordinator;
			sourceTree = "<group>";
		};
		CF3B464F2DB23D5C008C4CA0 /* Factory */ = {
			isa = PBXGroup;
			children = (
				CFCD372C2DBF4EAC0037A854 /* SwinjectContainer.swift */,
			);
			path = Factory;
			sourceTree = "<group>";
		};
		CF3B466C2DB23E35008C4CA0 /* Protocols */ = {
			isa = PBXGroup;
			children = (
				CFCD372E2DBF5C850037A854 /* Container */,
				CF3B467D2DB24AC4008C4CA0 /* Views */,
				CF3B467E2DB24ACF008C4CA0 /* ViewModels */,
				CF3B467F2DB24AD6008C4CA0 /* Coordinators */,
				CFB11FEB2DB684D900609CEF /* Formatters */,
			);
			path = Protocols;
			sourceTree = "<group>";
		};
		CF3B467D2DB24AC4008C4CA0 /* Views */ = {
			isa = PBXGroup;
			children = (
				CF3B466E2DB24A81008C4CA0 /* IButtonBuilder.swift */,
				CF3B466F2DB24A81008C4CA0 /* IActivityIndicator.swift */,
				CF3B46702DB24A81008C4CA0 /* ILabelBuilder.swift */,
				CF3B46722DB24A81008C4CA0 /* ILoginView.swift */,
				CF3B46742DB24A81008C4CA0 /* ITextFieldBuilder.swift */,
				CF3B464D2DB1A9E3008C4CA0 /* IRegistrationView.swift */,
				CF0C2C5C2DC9F37B003995F3 /* ICreateTripView.swift */,
			);
			path = Views;
			sourceTree = "<group>";
		};
		CF3B467E2DB24ACF008C4CA0 /* ViewModels */ = {
			isa = PBXGroup;
			children = (
				CF3B46712DB24A81008C4CA0 /* ILoginViewModel.swift */,
				CF3B46732DB24A81008C4CA0 /* IRegistrationViewModel.swift */,
				CFB11FDB2DB62D8300609CEF /* IMyTripsViewModel.swift */,
				CFAFBEED2DB77ADC002FA8EF /* ITripDetailViewModel.swift */,
				CF0C2C532DC92473003995F3 /* ICreateTripViewModel.swift */,
			);
			path = ViewModels;
			sourceTree = "<group>";
		};
		CF3B467F2DB24AD6008C4CA0 /* Coordinators */ = {
			isa = PBXGroup;
			children = (
				CF19AD3A2DBE8BF400FF45FE /* ICoordinator.swift */,
				CF19AD442DBE9D7E00FF45FE /* IAuthCoordinator.swift */,
				CF19AD462DBE9DD400FF45FE /* IMainCoordinator.swift */,
			);
			path = Coordinators;
			sourceTree = "<group>";
		};
		CF3B46872DB2D3AA008C4CA0 /* LoginModuleTests */ = {
			isa = PBXGroup;
			children = (
				CF35569D2DA8581B00290A81 /* LoginModuleTest.swift */,
			);
			path = LoginModuleTests;
			sourceTree = "<group>";
		};
		CF3B468A2DB2E002008C4CA0 /* RegistrationModuleTests */ = {
			isa = PBXGroup;
			children = (
				CF3B468B2DB2E0B0008C4CA0 /* RegistrationModuleTest.swift */,
			);
			path = RegistrationModuleTests;
			sourceTree = "<group>";
		};
		CFAD6A4D2DAACDAF003930F3 /* Modules */ = {
			isa = PBXGroup;
			children = (
				CFAD6AE82DAC1BD6003930F3 /* ExternalDelegates */,
				CFAD6A4E2DAACDB8003930F3 /* LoginScreen */,
				CFAD6A622DABD35E003930F3 /* RegistrationScreen */,
				CFB11FF32DB688E300609CEF /* MyTripsScreen */,
				CF0C2C4C2DC920FD003995F3 /* CreateTrip */,
			);
			path = Modules;
			sourceTree = "<group>";
		};
		CFAD6A4E2DAACDB8003930F3 /* LoginScreen */ = {
			isa = PBXGroup;
			children = (
				CFAD6A4F2DAACDEF003930F3 /* LoginView.swift */,
				CFAD6A532DAACE03003930F3 /* LoginController.swift */,
				CFAD6A512DAACDFC003930F3 /* LoginViewModel.swift */,
			);
			path = LoginScreen;
			sourceTree = "<group>";
		};
		CFAD6A552DAACF9A003930F3 /* Custom */ = {
			isa = PBXGroup;
			children = (
				CFAD6A582DAAEE07003930F3 /* Builders */,
				CFAD6AEF2DAC5E30003930F3 /* Views */,
			);
			path = Custom;
			sourceTree = "<group>";
		};
		CFAD6A582DAAEE07003930F3 /* Builders */ = {
			isa = PBXGroup;
			children = (
				CFAD6A562DAACFB5003930F3 /* TextFieldBuilder.swift */,
				CFAD6A5E2DAAF00D003930F3 /* ButtonBuilder.swift */,
				CFAD6AB12DABDC16003930F3 /* LabelBuilder.swift */,
			);
			path = Builders;
			sourceTree = "<group>";
		};
		CFAD6A592DAAEEE9003930F3 /* Support */ = {
			isa = PBXGroup;
			children = (
				CFAD6A5A2DAAEEF5003930F3 /* FontValues.swift */,
				CFAD6AAF2DABDBAC003930F3 /* CustomFonts.swift */,
				CFAD6A5C2DAAEF0A003930F3 /* PaddingValues.swift */,
				CFAD6A602DAB02C5003930F3 /* UIElementsValues.swift */,
				CFAD6AE42DAC1104003930F3 /* SystemImages.swift */,
				CF64B92D2DAD982800255003 /* RegularExpressions.swift */,
				CF3B46802DB24B04008C4CA0 /* ModuleTypes.swift */,
				CF3B469B2DB57DBB008C4CA0 /* TabBarScreenTags.swift */,
				CFB11FE52DB637E500609CEF /* Sections.swift */,
				CFB11FE72DB6511500609CEF /* Currency.swift */,
			);
			path = Support;
			sourceTree = "<group>";
		};
		CFAD6A622DABD35E003930F3 /* RegistrationScreen */ = {
			isa = PBXGroup;
			children = (
				CFAD6A632DABD36F003930F3 /* RegistrationView.swift */,
				CFAD6A652DABD378003930F3 /* RegistrationController.swift */,
				CFAD6A672DABD381003930F3 /* RegistrationViewModel.swift */,
			);
			path = RegistrationScreen;
			sourceTree = "<group>";
		};
		CFAD6A6A2DABD81C003930F3 /* Fonts */ = {
			isa = PBXGroup;
			children = (
				CFAD6A9F2DABD993003930F3 /* San Francisco Pro Text */,
			);
			path = Fonts;
			sourceTree = "<group>";
		};
		CFAD6A9F2DABD993003930F3 /* San Francisco Pro Text */ = {
			isa = PBXGroup;
			children = (
				CFAD6A932DABD993003930F3 /* SFProText-Bold.ttf */,
				CFAD6A942DABD993003930F3 /* SFProText-BoldItalic.ttf */,
				CFAD6A952DABD993003930F3 /* SFProText-Heavy.ttf */,
				CFAD6A962DABD993003930F3 /* SFProText-HeavyItalic.ttf */,
				CFAD6A972DABD993003930F3 /* SFProText-Light.ttf */,
				CFAD6A982DABD993003930F3 /* SFProText-LightItalic.ttf */,
				CFAD6A992DABD993003930F3 /* SFProText-Medium.ttf */,
				CFAD6A9A2DABD993003930F3 /* SFProText-MediumItalic.ttf */,
				CFAD6A9B2DABD993003930F3 /* SFProText-Regular.ttf */,
				CFAD6A9C2DABD993003930F3 /* SFProText-RegularItalic.ttf */,
				CFAD6A9D2DABD993003930F3 /* SFProText-Semibold.ttf */,
				CFAD6A9E2DABD993003930F3 /* SFProText-SemiboldItalic.ttf */,
			);
			path = "San Francisco Pro Text";
			sourceTree = "<group>";
		};
		CFAD6AE12DAC0B21003930F3 /* Extensions */ = {
			isa = PBXGroup;
			children = (
				CFAD6AE22DAC0B30003930F3 /* UITextField+extension.swift */,
				CFAD6AE62DAC1B88003930F3 /* UITextFieldDelegateDefaultImpl.swift */,
				CFAD6AEB2DAC21D7003930F3 /* UIView+extension.swift */,
				CF3B469D2DB58013008C4CA0 /* UITabBar+extension.swift */,
				CFB11FD02DB59D7300609CEF /* UIImage+extension.swift */,
				CFB11FD92DB62A7C00609CEF /* String+extension.swift */,
				CFAFC60B2DB91431002FA8EF /* Int+extension.swift */,
				CFAFC60D2DB91BB3002FA8EF /* CGFLoat+extension.swift */,
			);
			path = Extensions;
			sourceTree = "<group>";
		};
		CFAD6AE82DAC1BD6003930F3 /* ExternalDelegates */ = {
			isa = PBXGroup;
			children = (
				CFAD6AE92DAC1BE5003930F3 /* UserTextFieldDelegate.swift */,
			);
			path = ExternalDelegates;
			sourceTree = "<group>";
		};
		CFAD6AEF2DAC5E30003930F3 /* Views */ = {
			isa = PBXGroup;
			children = (
				CFAD6AF02DAC5E4D003930F3 /* ActivityIndicatorView.swift */,
				CFAFC6022DB7F497002FA8EF /* TripDateView.swift */,
			);
			path = Views;
			sourceTree = "<group>";
		};
		CFAD6AF22DACF80B003930F3 /* Errors */ = {
			isa = PBXGroup;
			children = (
				CFAD6AF32DACF814003930F3 /* LoginErrors.swift */,
				CFAFBEF12DB787BC002FA8EF /* NetworkErrors.swift */,
			);
			path = Errors;
			sourceTree = "<group>";
		};
		CFAFBEE62DB6ECE2002FA8EF /* TripDetailScreen */ = {
			isa = PBXGroup;
			children = (
				CFAFBEE72DB77ABF002FA8EF /* TripDetailView.swift */,
				CFAFBEE92DB77AC5002FA8EF /* TripDetailController.swift */,
				CFAFBEEB2DB77ACC002FA8EF /* TripDetailViewModel.swift */,
				CFAFC6062DB8266A002FA8EF /* CollectionViewData */,
			);
			path = TripDetailScreen;
			sourceTree = "<group>";
		};
		CFAFC6062DB8266A002FA8EF /* CollectionViewData */ = {
			isa = PBXGroup;
			children = (
				CFAFC6072DB827F3002FA8EF /* MemberCollectionViewCell.swift */,
				CFAFC6092DB828E6002FA8EF /* MembersCollectionDataSource.swift */,
			);
			path = CollectionViewData;
			sourceTree = "<group>";
		};
		CFB11FDD2DB62F3400609CEF /* Model */ = {
			isa = PBXGroup;
			children = (
				CFB11FDE2DB62F5600609CEF /* Trip.swift */,
				CFAFBEEF2DB78631002FA8EF /* TripDetail.swift */,
				CFAFC6042DB82608002FA8EF /* User.swift */,
			);
			path = Model;
			sourceTree = "<group>";
		};
		CFB11FEB2DB684D900609CEF /* Formatters */ = {
			isa = PBXGroup;
			children = (
				CFB11FEC2DB684E700609CEF /* IAppFormatter.swift */,
			);
			path = Formatters;
			sourceTree = "<group>";
		};
		CFB11FEE2DB6855400609CEF /* Formatter */ = {
			isa = PBXGroup;
			children = (
				CFB11FEF2DB6855B00609CEF /* AppFormatter.swift */,
			);
			path = Formatter;
			sourceTree = "<group>";
		};
		CFB11FF32DB688E300609CEF /* MyTripsScreen */ = {
			isa = PBXGroup;
			children = (
				CFB11FF42DB688E900609CEF /* MyTripsView.swift */,
				CFB11FF62DB688E900609CEF /* MyTripsController.swift */,
				CFB11FF52DB688E900609CEF /* MyTripsViewModel.swift */,
				CFB11FF72DB688E900609CEF /* TableViewData */,
				CFAFBEE62DB6ECE2002FA8EF /* TripDetailScreen */,
			);
			path = MyTripsScreen;
			sourceTree = "<group>";
		};
		CFB11FF72DB688E900609CEF /* TableViewData */ = {
			isa = PBXGroup;
			children = (
				CFB11FFB2DB6891B00609CEF /* TripsTableDataSource.swift */,
				CFAFBEE12DB6C1D3002FA8EF /* TripsTableDelegate.swift */,
				CFB11FFC2DB6891B00609CEF /* TripTableViewCell.swift */,
			);
			path = TableViewData;
			sourceTree = "<group>";
		};
		CFCD372E2DBF5C850037A854 /* Container */ = {
			isa = PBXGroup;
			children = (
				CFCD372F2DBF5C960037A854 /* DependencyContainerProtocol.swift */,
			);
			path = Container;
			sourceTree = "<group>";
		};
/* End PBXGroup section */

/* Begin PBXNativeTarget section */
		CF3556512DA857DC00290A81 /* TTravelTogether */ = {
			isa = PBXNativeTarget;
			buildConfigurationList = CF35567E2DA857DF00290A81 /* Build configuration list for PBXNativeTarget "TTravelTogether" */;
			buildPhases = (
				CF35564E2DA857DC00290A81 /* Sources */,
				CF35564F2DA857DC00290A81 /* Frameworks */,
				CF3556502DA857DC00290A81 /* Resources */,
				CFB7C97B2DA861510096427C /* ShellScript */,
			);
			buildRules = (
			);
			dependencies = (
			);
			name = TTravelTogether;
			packageProductDependencies = (
				CF601D312DA93D7700E98B21 /* SnapKit */,
				CFAFBEE42DB6EB74002FA8EF /* SkeletonView */,
				CF0C2C4A2DC90F3B003995F3 /* Swinject */,
			);
			productName = TTravelTogether;
			productReference = CF3556522DA857DC00290A81 /* TTravelTogether.app */;
			productType = "com.apple.product-type.application";
		};
		CF35566A2DA857DF00290A81 /* TTravelTogetherTests */ = {
			isa = PBXNativeTarget;
			buildConfigurationList = CF3556832DA857DF00290A81 /* Build configuration list for PBXNativeTarget "TTravelTogetherTests" */;
			buildPhases = (
				CF3556672DA857DF00290A81 /* Sources */,
				CF3556682DA857DF00290A81 /* Frameworks */,
				CF3556692DA857DF00290A81 /* Resources */,
			);
			buildRules = (
			);
			dependencies = (
				CF35566D2DA857DF00290A81 /* PBXTargetDependency */,
			);
			name = TTravelTogetherTests;
			packageProductDependencies = (
			);
			productName = TTravelTogetherTests;
			productReference = CF35566B2DA857DF00290A81 /* TTravelTogetherTests.xctest */;
			productType = "com.apple.product-type.bundle.unit-test";
		};
		CF3556742DA857DF00290A81 /* TTravelTogetherUITests */ = {
			isa = PBXNativeTarget;
			buildConfigurationList = CF3556862DA857DF00290A81 /* Build configuration list for PBXNativeTarget "TTravelTogetherUITests" */;
			buildPhases = (
				CF3556712DA857DF00290A81 /* Sources */,
				CF3556722DA857DF00290A81 /* Frameworks */,
				CF3556732DA857DF00290A81 /* Resources */,
			);
			buildRules = (
			);
			dependencies = (
				CF3556772DA857DF00290A81 /* PBXTargetDependency */,
			);
			name = TTravelTogetherUITests;
			packageProductDependencies = (
			);
			productName = TTravelTogetherUITests;
			productReference = CF3556752DA857DF00290A81 /* TTravelTogetherUITests.xctest */;
			productType = "com.apple.product-type.bundle.ui-testing";
		};
/* End PBXNativeTarget section */

/* Begin PBXProject section */
		CF35564A2DA857DC00290A81 /* Project object */ = {
			isa = PBXProject;
			attributes = {
				BuildIndependentTargetsInParallel = 1;
				LastSwiftUpdateCheck = 1620;
				LastUpgradeCheck = 1620;
				TargetAttributes = {
					CF3556512DA857DC00290A81 = {
						CreatedOnToolsVersion = 16.2;
					};
					CF35566A2DA857DF00290A81 = {
						CreatedOnToolsVersion = 16.2;
						TestTargetID = CF3556512DA857DC00290A81;
					};
					CF3556742DA857DF00290A81 = {
						CreatedOnToolsVersion = 16.2;
						TestTargetID = CF3556512DA857DC00290A81;
					};
				};
			};
			buildConfigurationList = CF35564D2DA857DC00290A81 /* Build configuration list for PBXProject "TTravelTogether" */;
			developmentRegion = en;
			hasScannedForEncodings = 0;
			knownRegions = (
				en,
				Base,
				ru,
			);
			mainGroup = CF3556492DA857DC00290A81;
			minimizedProjectReferenceProxies = 1;
			packageReferences = (
				CF601D302DA93D7700E98B21 /* XCRemoteSwiftPackageReference "SnapKit" */,
				CFAFBEE32DB6EB74002FA8EF /* XCRemoteSwiftPackageReference "SkeletonView" */,
				CF0C2C492DC90F3B003995F3 /* XCRemoteSwiftPackageReference "Swinject" */,
			);
			preferredProjectObjectVersion = 77;
			productRefGroup = CF3556532DA857DC00290A81 /* Products */;
			projectDirPath = "";
			projectRoot = "";
			targets = (
				CF3556512DA857DC00290A81 /* TTravelTogether */,
				CF35566A2DA857DF00290A81 /* TTravelTogetherTests */,
				CF3556742DA857DF00290A81 /* TTravelTogetherUITests */,
			);
		};
/* End PBXProject section */

/* Begin PBXResourcesBuildPhase section */
		CF3556502DA857DC00290A81 /* Resources */ = {
			isa = PBXResourcesBuildPhase;
			buildActionMask = 2147483647;
			files = (
				CF3556952DA8581700290A81 /* Assets.xcassets in Resources */,
				CFAD6AA02DABD993003930F3 /* SFProText-Semibold.ttf in Resources */,
				CFAD6AA12DABD993003930F3 /* SFProText-BoldItalic.ttf in Resources */,
				CFAD6AA22DABD993003930F3 /* SFProText-MediumItalic.ttf in Resources */,
				CFAD6AA42DABD993003930F3 /* SFProText-LightItalic.ttf in Resources */,
				CFAD6AA52DABD993003930F3 /* SFProText-Medium.ttf in Resources */,
				CFAD6AA62DABD993003930F3 /* SFProText-Heavy.ttf in Resources */,
				CFAD6AA72DABD993003930F3 /* SFProText-Regular.ttf in Resources */,
				CFAD6AA92DABD993003930F3 /* SFProText-HeavyItalic.ttf in Resources */,
				CFAD6AAA2DABD993003930F3 /* SFProText-Bold.ttf in Resources */,
				CFAD6AAB2DABD993003930F3 /* SFProText-Light.ttf in Resources */,
				CFAD6AAC2DABD993003930F3 /* SFProText-SemiboldItalic.ttf in Resources */,
				CFAD6AAD2DABD993003930F3 /* SFProText-RegularItalic.ttf in Resources */,
				CF3556972DA8581700290A81 /* LaunchScreen.storyboard in Resources */,
			);
			runOnlyForDeploymentPostprocessing = 0;
		};
		CF3556692DA857DF00290A81 /* Resources */ = {
			isa = PBXResourcesBuildPhase;
			buildActionMask = 2147483647;
			files = (
			);
			runOnlyForDeploymentPostprocessing = 0;
		};
		CF3556732DA857DF00290A81 /* Resources */ = {
			isa = PBXResourcesBuildPhase;
			buildActionMask = 2147483647;
			files = (
			);
			runOnlyForDeploymentPostprocessing = 0;
		};
/* End PBXResourcesBuildPhase section */

/* Begin PBXShellScriptBuildPhase section */
		CFB7C97B2DA861510096427C /* ShellScript */ = {
			isa = PBXShellScriptBuildPhase;
			buildActionMask = 2147483647;
			files = (
			);
			inputFileListPaths = (
			);
			inputPaths = (
			);
			outputFileListPaths = (
			);
			outputPaths = (
			);
			runOnlyForDeploymentPostprocessing = 0;
			shellPath = /bin/sh;
			shellScript = "if command -v /opt/homebrew/bin/swiftlint >/dev/null 2>&1\nthen\n    /opt/homebrew/bin/swiftlint\nelse\n    echo \"warning: `swiftlint` command not found - See https://github.com/realm/SwiftLint#installation for installation instructions.\"\nfi\n\n";
		};
/* End PBXShellScriptBuildPhase section */

/* Begin PBXSourcesBuildPhase section */
		CF35564E2DA857DC00290A81 /* Sources */ = {
			isa = PBXSourcesBuildPhase;
			buildActionMask = 2147483647;
			files = (
				CF19AD452DBE9D7E00FF45FE /* IAuthCoordinator.swift in Sources */,
				CF19AD3D2DBE8CD600FF45FE /* AppFlowCoordinator.swift in Sources */,
				CF0C2C542DC92473003995F3 /* ICreateTripViewModel.swift in Sources */,
				CFB11FFF2DB68B4400609CEF /* MyTripsController.swift in Sources */,
				CF0C2C522DC9246A003995F3 /* CreateTripViewModel.swift in Sources */,
				CFB11FF92DB688E900609CEF /* MyTripsView.swift in Sources */,
				CF0C2C5B2DC9F1BE003995F3 /* EmptyController.swift in Sources */,
				CFB11FFA2DB688E900609CEF /* MyTripsViewModel.swift in Sources */,
				CF3556992DA8581700290A81 /* AppDelegate.swift in Sources */,
				CFAFC6082DB827F3002FA8EF /* MemberCollectionViewCell.swift in Sources */,
				CF3B469E2DB58013008C4CA0 /* UITabBar+extension.swift in Sources */,
				CFAFBEEE2DB77ADC002FA8EF /* ITripDetailViewModel.swift in Sources */,
				CFAD6A572DAACFB5003930F3 /* TextFieldBuilder.swift in Sources */,
				CFAFC60A2DB828E6002FA8EF /* MembersCollectionDataSource.swift in Sources */,
				CFAD6AF42DACF814003930F3 /* LoginErrors.swift in Sources */,
				CFB11FE82DB6511500609CEF /* Currency.swift in Sources */,
				CFAD6AE72DAC1B88003930F3 /* UITextFieldDelegateDefaultImpl.swift in Sources */,
				CFAD6AEC2DAC21D7003930F3 /* UIView+extension.swift in Sources */,
				CFAD6A5B2DAAEEF5003930F3 /* FontValues.swift in Sources */,
				CF19AD472DBE9DD400FF45FE /* IMainCoordinator.swift in Sources */,
				CF0C2C502DC92466003995F3 /* CreateTripView.swift in Sources */,
				CFAFBEEA2DB77AC5002FA8EF /* TripDetailController.swift in Sources */,
				CFAFBEF22DB787BC002FA8EF /* NetworkErrors.swift in Sources */,
				CF0C2C5D2DC9F37B003995F3 /* ICreateTripView.swift in Sources */,
				CF3B469C2DB57DBB008C4CA0 /* TabBarScreenTags.swift in Sources */,
				CFB11FE62DB637E500609CEF /* Sections.swift in Sources */,
				CFAD6A682DABD381003930F3 /* RegistrationViewModel.swift in Sources */,
				CFCD372D2DBF4EAC0037A854 /* SwinjectContainer.swift in Sources */,
				CFAD6AB22DABDC16003930F3 /* LabelBuilder.swift in Sources */,
				CF64B92E2DAD982900255003 /* RegularExpressions.swift in Sources */,
				CFAD6A642DABD36F003930F3 /* RegistrationView.swift in Sources */,
				CFAD6A542DAACE03003930F3 /* LoginController.swift in Sources */,
				CF35569A2DA8581700290A81 /* SceneDelegate.swift in Sources */,
				CFAFBEE82DB77ABF002FA8EF /* TripDetailView.swift in Sources */,
				CFAFBEF02DB78631002FA8EF /* TripDetail.swift in Sources */,
				CF19AD3F2DBE8DC400FF45FE /* AuthCoordinator.swift in Sources */,
				CFAD6A502DAACDEF003930F3 /* LoginView.swift in Sources */,
				CFB11FDA2DB62A7C00609CEF /* String+extension.swift in Sources */,
				CFAD6A5D2DAAEF0A003930F3 /* PaddingValues.swift in Sources */,
				CFAD6A5F2DAAF00D003930F3 /* ButtonBuilder.swift in Sources */,
				CFAFC6032DB7F497002FA8EF /* TripDateView.swift in Sources */,
				CFAD6A522DAACDFC003930F3 /* LoginViewModel.swift in Sources */,
				CFAFC60C2DB91431002FA8EF /* Int+extension.swift in Sources */,
				CF3B46752DB24A81008C4CA0 /* IRegistrationViewModel.swift in Sources */,
				CF3B46762DB24A81008C4CA0 /* ILabelBuilder.swift in Sources */,
				CF0C2C4E2DC92461003995F3 /* CreateTripController.swift in Sources */,
				CF3B46772DB24A81008C4CA0 /* ILoginView.swift in Sources */,
				CF3B46782DB24A81008C4CA0 /* IButtonBuilder.swift in Sources */,
				CF3B46792DB24A81008C4CA0 /* ILoginViewModel.swift in Sources */,
				CF3B467A2DB24A81008C4CA0 /* ITextFieldBuilder.swift in Sources */,
				CFAFBEEC2DB77ACC002FA8EF /* TripDetailViewModel.swift in Sources */,
				CFAFC60E2DB91BB3002FA8EF /* CGFLoat+extension.swift in Sources */,
				CF19AD412DBE946600FF45FE /* MainCoordinator.swift in Sources */,
				CFB11FDC2DB62D8300609CEF /* IMyTripsViewModel.swift in Sources */,
				CF3B467B2DB24A81008C4CA0 /* IActivityIndicator.swift in Sources */,
				CFAD6AE52DAC1104003930F3 /* SystemImages.swift in Sources */,
				CFAD6AE32DAC0B30003930F3 /* UITextField+extension.swift in Sources */,
				CFAD6A612DAB02C5003930F3 /* UIElementsValues.swift in Sources */,
				CFAD6AF12DAC5E4D003930F3 /* ActivityIndicatorView.swift in Sources */,
				CF19AD3B2DBE8BF400FF45FE /* ICoordinator.swift in Sources */,
				CFCD37302DBF5C960037A854 /* DependencyContainerProtocol.swift in Sources */,
				CF3B464E2DB1A9E3008C4CA0 /* IRegistrationView.swift in Sources */,
				CFAFC6052DB82608002FA8EF /* User.swift in Sources */,
				CFB11FED2DB684E700609CEF /* IAppFormatter.swift in Sources */,
				CFAD6AB02DABDBAC003930F3 /* CustomFonts.swift in Sources */,
				CF35569B2DA8581700290A81 /* TTravelTogether.xcdatamodeld in Sources */,
				CFAFBEE22DB6C1D3002FA8EF /* TripsTableDelegate.swift in Sources */,
				CFB11FD12DB59D7300609CEF /* UIImage+extension.swift in Sources */,
				CFB11FDF2DB62F5600609CEF /* Trip.swift in Sources */,
				CFAD6AEA2DAC1BE5003930F3 /* UserTextFieldDelegate.swift in Sources */,
				CF3B46812DB24B04008C4CA0 /* ModuleTypes.swift in Sources */,
				CFB11FF02DB6855B00609CEF /* AppFormatter.swift in Sources */,
				CFAD6A662DABD378003930F3 /* RegistrationController.swift in Sources */,
				CFB11FFD2DB6891B00609CEF /* TripsTableDataSource.swift in Sources */,
				CFB11FFE2DB6891B00609CEF /* TripTableViewCell.swift in Sources */,
			);
			runOnlyForDeploymentPostprocessing = 0;
		};
		CF3556672DA857DF00290A81 /* Sources */ = {
			isa = PBXSourcesBuildPhase;
			buildActionMask = 2147483647;
			files = (
				CF3B468C2DB2E0B0008C4CA0 /* RegistrationModuleTest.swift in Sources */,
				CF35569F2DA8581B00290A81 /* LoginModuleTest.swift in Sources */,
			);
			runOnlyForDeploymentPostprocessing = 0;
		};
		CF3556712DA857DF00290A81 /* Sources */ = {
			isa = PBXSourcesBuildPhase;
			buildActionMask = 2147483647;
			files = (
				CF3556A32DA8581D00290A81 /* TTravelTogetherUITests.swift in Sources */,
				CF3556A42DA8581D00290A81 /* TTravelTogetherUITestsLaunchTests.swift in Sources */,
			);
			runOnlyForDeploymentPostprocessing = 0;
		};
/* End PBXSourcesBuildPhase section */

/* Begin PBXTargetDependency section */
		CF35566D2DA857DF00290A81 /* PBXTargetDependency */ = {
			isa = PBXTargetDependency;
			target = CF3556512DA857DC00290A81 /* TTravelTogether */;
			targetProxy = CF35566C2DA857DF00290A81 /* PBXContainerItemProxy */;
		};
		CF3556772DA857DF00290A81 /* PBXTargetDependency */ = {
			isa = PBXTargetDependency;
			target = CF3556512DA857DC00290A81 /* TTravelTogether */;
			targetProxy = CF3556762DA857DF00290A81 /* PBXContainerItemProxy */;
		};
/* End PBXTargetDependency section */

/* Begin PBXVariantGroup section */
		CF35568D2DA8581700290A81 /* LaunchScreen.storyboard */ = {
			isa = PBXVariantGroup;
			children = (
				CF35568C2DA8581700290A81 /* Base */,
				CFAD6AB32DABF66D003930F3 /* ru */,
			);
			name = LaunchScreen.storyboard;
			sourceTree = "<group>";
		};
/* End PBXVariantGroup section */

/* Begin XCBuildConfiguration section */
		CF35567F2DA857DF00290A81 /* Debug */ = {
			isa = XCBuildConfiguration;
			buildSettings = {
				ASSETCATALOG_COMPILER_APPICON_NAME = AppIcon;
				ASSETCATALOG_COMPILER_GLOBAL_ACCENT_COLOR_NAME = AccentColor;
				CODE_SIGN_STYLE = Automatic;
				CURRENT_PROJECT_VERSION = 1;
				DEVELOPMENT_TEAM = AJ5QNVYP6Y;
				ENABLE_USER_SCRIPT_SANDBOXING = NO;
				GENERATE_INFOPLIST_FILE = YES;
				INFOPLIST_FILE = TTravelTogether/Info.plist;
				INFOPLIST_KEY_UIApplicationSupportsIndirectInputEvents = YES;
				INFOPLIST_KEY_UILaunchStoryboardName = LaunchScreen;
				INFOPLIST_KEY_UISupportedInterfaceOrientations_iPad = "UIInterfaceOrientationPortrait UIInterfaceOrientationPortraitUpsideDown UIInterfaceOrientationLandscapeLeft UIInterfaceOrientationLandscapeRight";
				INFOPLIST_KEY_UISupportedInterfaceOrientations_iPhone = "UIInterfaceOrientationPortrait UIInterfaceOrientationLandscapeLeft UIInterfaceOrientationLandscapeRight";
				IPHONEOS_DEPLOYMENT_TARGET = 15.6;
				LD_RUNPATH_SEARCH_PATHS = (
					"$(inherited)",
					"@executable_path/Frameworks",
				);
				MARKETING_VERSION = 1.0;
				PRODUCT_BUNDLE_IDENTIFIER = ru.yandex.TTravelTogether;
				PRODUCT_NAME = "$(TARGET_NAME)";
				SWIFT_EMIT_LOC_STRINGS = YES;
				SWIFT_VERSION = 5.0;
				TARGETED_DEVICE_FAMILY = "1,2";
			};
			name = Debug;
		};
		CF3556802DA857DF00290A81 /* Release */ = {
			isa = XCBuildConfiguration;
			buildSettings = {
				ASSETCATALOG_COMPILER_APPICON_NAME = AppIcon;
				ASSETCATALOG_COMPILER_GLOBAL_ACCENT_COLOR_NAME = AccentColor;
				CODE_SIGN_STYLE = Automatic;
				CURRENT_PROJECT_VERSION = 1;
				DEVELOPMENT_TEAM = AJ5QNVYP6Y;
				ENABLE_USER_SCRIPT_SANDBOXING = NO;
				GENERATE_INFOPLIST_FILE = YES;
				INFOPLIST_FILE = TTravelTogether/Info.plist;
				INFOPLIST_KEY_UIApplicationSupportsIndirectInputEvents = YES;
				INFOPLIST_KEY_UILaunchStoryboardName = LaunchScreen;
				INFOPLIST_KEY_UISupportedInterfaceOrientations_iPad = "UIInterfaceOrientationPortrait UIInterfaceOrientationPortraitUpsideDown UIInterfaceOrientationLandscapeLeft UIInterfaceOrientationLandscapeRight";
				INFOPLIST_KEY_UISupportedInterfaceOrientations_iPhone = "UIInterfaceOrientationPortrait UIInterfaceOrientationLandscapeLeft UIInterfaceOrientationLandscapeRight";
				IPHONEOS_DEPLOYMENT_TARGET = 15.6;
				LD_RUNPATH_SEARCH_PATHS = (
					"$(inherited)",
					"@executable_path/Frameworks",
				);
				MARKETING_VERSION = 1.0;
				PRODUCT_BUNDLE_IDENTIFIER = ru.yandex.TTravelTogether;
				PRODUCT_NAME = "$(TARGET_NAME)";
				SWIFT_EMIT_LOC_STRINGS = YES;
				SWIFT_VERSION = 5.0;
				TARGETED_DEVICE_FAMILY = "1,2";
			};
			name = Release;
		};
		CF3556812DA857DF00290A81 /* Debug */ = {
			isa = XCBuildConfiguration;
			buildSettings = {
				ALWAYS_SEARCH_USER_PATHS = NO;
				ASSETCATALOG_COMPILER_GENERATE_SWIFT_ASSET_SYMBOL_EXTENSIONS = YES;
				CLANG_ANALYZER_LOCALIZABILITY_NONLOCALIZED = YES;
				CLANG_ANALYZER_NONNULL = YES;
				CLANG_ANALYZER_NUMBER_OBJECT_CONVERSION = YES_AGGRESSIVE;
				CLANG_CXX_LANGUAGE_STANDARD = "gnu++20";
				CLANG_ENABLE_MODULES = YES;
				CLANG_ENABLE_OBJC_ARC = YES;
				CLANG_ENABLE_OBJC_WEAK = YES;
				CLANG_WARN_BLOCK_CAPTURE_AUTORELEASING = YES;
				CLANG_WARN_BOOL_CONVERSION = YES;
				CLANG_WARN_COMMA = YES;
				CLANG_WARN_CONSTANT_CONVERSION = YES;
				CLANG_WARN_DEPRECATED_OBJC_IMPLEMENTATIONS = YES;
				CLANG_WARN_DIRECT_OBJC_ISA_USAGE = YES_ERROR;
				CLANG_WARN_DOCUMENTATION_COMMENTS = YES;
				CLANG_WARN_EMPTY_BODY = YES;
				CLANG_WARN_ENUM_CONVERSION = YES;
				CLANG_WARN_INFINITE_RECURSION = YES;
				CLANG_WARN_INT_CONVERSION = YES;
				CLANG_WARN_NON_LITERAL_NULL_CONVERSION = YES;
				CLANG_WARN_OBJC_IMPLICIT_RETAIN_SELF = YES;
				CLANG_WARN_OBJC_LITERAL_CONVERSION = YES;
				CLANG_WARN_OBJC_ROOT_CLASS = YES_ERROR;
				CLANG_WARN_QUOTED_INCLUDE_IN_FRAMEWORK_HEADER = YES;
				CLANG_WARN_RANGE_LOOP_ANALYSIS = YES;
				CLANG_WARN_STRICT_PROTOTYPES = YES;
				CLANG_WARN_SUSPICIOUS_MOVE = YES;
				CLANG_WARN_UNGUARDED_AVAILABILITY = YES_AGGRESSIVE;
				CLANG_WARN_UNREACHABLE_CODE = YES;
				CLANG_WARN__DUPLICATE_METHOD_MATCH = YES;
				COPY_PHASE_STRIP = NO;
				DEBUG_INFORMATION_FORMAT = dwarf;
				ENABLE_STRICT_OBJC_MSGSEND = YES;
				ENABLE_TESTABILITY = YES;
				ENABLE_USER_SCRIPT_SANDBOXING = YES;
				GCC_C_LANGUAGE_STANDARD = gnu17;
				GCC_DYNAMIC_NO_PIC = NO;
				GCC_NO_COMMON_BLOCKS = YES;
				GCC_OPTIMIZATION_LEVEL = 0;
				GCC_PREPROCESSOR_DEFINITIONS = (
					"DEBUG=1",
					"$(inherited)",
				);
				GCC_WARN_64_TO_32_BIT_CONVERSION = YES;
				GCC_WARN_ABOUT_RETURN_TYPE = YES_ERROR;
				GCC_WARN_UNDECLARED_SELECTOR = YES;
				GCC_WARN_UNINITIALIZED_AUTOS = YES_AGGRESSIVE;
				GCC_WARN_UNUSED_FUNCTION = YES;
				GCC_WARN_UNUSED_VARIABLE = YES;
				IPHONEOS_DEPLOYMENT_TARGET = 18.2;
				LOCALIZATION_PREFERS_STRING_CATALOGS = YES;
				MTL_ENABLE_DEBUG_INFO = INCLUDE_SOURCE;
				MTL_FAST_MATH = YES;
				ONLY_ACTIVE_ARCH = YES;
				SDKROOT = iphoneos;
				SWIFT_ACTIVE_COMPILATION_CONDITIONS = "DEBUG $(inherited)";
				SWIFT_OPTIMIZATION_LEVEL = "-Onone";
			};
			name = Debug;
		};
		CF3556822DA857DF00290A81 /* Release */ = {
			isa = XCBuildConfiguration;
			buildSettings = {
				ALWAYS_SEARCH_USER_PATHS = NO;
				ASSETCATALOG_COMPILER_GENERATE_SWIFT_ASSET_SYMBOL_EXTENSIONS = YES;
				CLANG_ANALYZER_LOCALIZABILITY_NONLOCALIZED = YES;
				CLANG_ANALYZER_NONNULL = YES;
				CLANG_ANALYZER_NUMBER_OBJECT_CONVERSION = YES_AGGRESSIVE;
				CLANG_CXX_LANGUAGE_STANDARD = "gnu++20";
				CLANG_ENABLE_MODULES = YES;
				CLANG_ENABLE_OBJC_ARC = YES;
				CLANG_ENABLE_OBJC_WEAK = YES;
				CLANG_WARN_BLOCK_CAPTURE_AUTORELEASING = YES;
				CLANG_WARN_BOOL_CONVERSION = YES;
				CLANG_WARN_COMMA = YES;
				CLANG_WARN_CONSTANT_CONVERSION = YES;
				CLANG_WARN_DEPRECATED_OBJC_IMPLEMENTATIONS = YES;
				CLANG_WARN_DIRECT_OBJC_ISA_USAGE = YES_ERROR;
				CLANG_WARN_DOCUMENTATION_COMMENTS = YES;
				CLANG_WARN_EMPTY_BODY = YES;
				CLANG_WARN_ENUM_CONVERSION = YES;
				CLANG_WARN_INFINITE_RECURSION = YES;
				CLANG_WARN_INT_CONVERSION = YES;
				CLANG_WARN_NON_LITERAL_NULL_CONVERSION = YES;
				CLANG_WARN_OBJC_IMPLICIT_RETAIN_SELF = YES;
				CLANG_WARN_OBJC_LITERAL_CONVERSION = YES;
				CLANG_WARN_OBJC_ROOT_CLASS = YES_ERROR;
				CLANG_WARN_QUOTED_INCLUDE_IN_FRAMEWORK_HEADER = YES;
				CLANG_WARN_RANGE_LOOP_ANALYSIS = YES;
				CLANG_WARN_STRICT_PROTOTYPES = YES;
				CLANG_WARN_SUSPICIOUS_MOVE = YES;
				CLANG_WARN_UNGUARDED_AVAILABILITY = YES_AGGRESSIVE;
				CLANG_WARN_UNREACHABLE_CODE = YES;
				CLANG_WARN__DUPLICATE_METHOD_MATCH = YES;
				COPY_PHASE_STRIP = NO;
				DEBUG_INFORMATION_FORMAT = "dwarf-with-dsym";
				ENABLE_NS_ASSERTIONS = NO;
				ENABLE_STRICT_OBJC_MSGSEND = YES;
				ENABLE_USER_SCRIPT_SANDBOXING = YES;
				GCC_C_LANGUAGE_STANDARD = gnu17;
				GCC_NO_COMMON_BLOCKS = YES;
				GCC_WARN_64_TO_32_BIT_CONVERSION = YES;
				GCC_WARN_ABOUT_RETURN_TYPE = YES_ERROR;
				GCC_WARN_UNDECLARED_SELECTOR = YES;
				GCC_WARN_UNINITIALIZED_AUTOS = YES_AGGRESSIVE;
				GCC_WARN_UNUSED_FUNCTION = YES;
				GCC_WARN_UNUSED_VARIABLE = YES;
				IPHONEOS_DEPLOYMENT_TARGET = 18.2;
				LOCALIZATION_PREFERS_STRING_CATALOGS = YES;
				MTL_ENABLE_DEBUG_INFO = NO;
				MTL_FAST_MATH = YES;
				SDKROOT = iphoneos;
				SWIFT_COMPILATION_MODE = wholemodule;
				VALIDATE_PRODUCT = YES;
			};
			name = Release;
		};
		CF3556842DA857DF00290A81 /* Debug */ = {
			isa = XCBuildConfiguration;
			buildSettings = {
				BUNDLE_LOADER = "$(TEST_HOST)";
				CODE_SIGN_STYLE = Automatic;
				CURRENT_PROJECT_VERSION = 1;
				GENERATE_INFOPLIST_FILE = YES;
				IPHONEOS_DEPLOYMENT_TARGET = 15.6;
				MARKETING_VERSION = 1.0;
				PRODUCT_BUNDLE_IDENTIFIER = ru.yandex.TTravelTogetherTests;
				PRODUCT_NAME = "$(TARGET_NAME)";
				SWIFT_EMIT_LOC_STRINGS = NO;
				SWIFT_VERSION = 5.0;
				TARGETED_DEVICE_FAMILY = "1,2";
				TEST_HOST = "$(BUILT_PRODUCTS_DIR)/TTravelTogether.app/$(BUNDLE_EXECUTABLE_FOLDER_PATH)/TTravelTogether";
			};
			name = Debug;
		};
		CF3556852DA857DF00290A81 /* Release */ = {
			isa = XCBuildConfiguration;
			buildSettings = {
				BUNDLE_LOADER = "$(TEST_HOST)";
				CODE_SIGN_STYLE = Automatic;
				CURRENT_PROJECT_VERSION = 1;
				GENERATE_INFOPLIST_FILE = YES;
				IPHONEOS_DEPLOYMENT_TARGET = 15.6;
				MARKETING_VERSION = 1.0;
				PRODUCT_BUNDLE_IDENTIFIER = ru.yandex.TTravelTogetherTests;
				PRODUCT_NAME = "$(TARGET_NAME)";
				SWIFT_EMIT_LOC_STRINGS = NO;
				SWIFT_VERSION = 5.0;
				TARGETED_DEVICE_FAMILY = "1,2";
				TEST_HOST = "$(BUILT_PRODUCTS_DIR)/TTravelTogether.app/$(BUNDLE_EXECUTABLE_FOLDER_PATH)/TTravelTogether";
			};
			name = Release;
		};
		CF3556872DA857DF00290A81 /* Debug */ = {
			isa = XCBuildConfiguration;
			buildSettings = {
				CODE_SIGN_STYLE = Automatic;
				CURRENT_PROJECT_VERSION = 1;
				GENERATE_INFOPLIST_FILE = YES;
				MARKETING_VERSION = 1.0;
				PRODUCT_BUNDLE_IDENTIFIER = ru.yandex.TTravelTogetherUITests;
				PRODUCT_NAME = "$(TARGET_NAME)";
				SWIFT_EMIT_LOC_STRINGS = NO;
				SWIFT_VERSION = 5.0;
				TARGETED_DEVICE_FAMILY = "1,2";
				TEST_TARGET_NAME = TTravelTogether;
			};
			name = Debug;
		};
		CF3556882DA857DF00290A81 /* Release */ = {
			isa = XCBuildConfiguration;
			buildSettings = {
				CODE_SIGN_STYLE = Automatic;
				CURRENT_PROJECT_VERSION = 1;
				GENERATE_INFOPLIST_FILE = YES;
				MARKETING_VERSION = 1.0;
				PRODUCT_BUNDLE_IDENTIFIER = ru.yandex.TTravelTogetherUITests;
				PRODUCT_NAME = "$(TARGET_NAME)";
				SWIFT_EMIT_LOC_STRINGS = NO;
				SWIFT_VERSION = 5.0;
				TARGETED_DEVICE_FAMILY = "1,2";
				TEST_TARGET_NAME = TTravelTogether;
			};
			name = Release;
		};
/* End XCBuildConfiguration section */

/* Begin XCConfigurationList section */
		CF35564D2DA857DC00290A81 /* Build configuration list for PBXProject "TTravelTogether" */ = {
			isa = XCConfigurationList;
			buildConfigurations = (
				CF3556812DA857DF00290A81 /* Debug */,
				CF3556822DA857DF00290A81 /* Release */,
			);
			defaultConfigurationIsVisible = 0;
			defaultConfigurationName = Release;
		};
		CF35567E2DA857DF00290A81 /* Build configuration list for PBXNativeTarget "TTravelTogether" */ = {
			isa = XCConfigurationList;
			buildConfigurations = (
				CF35567F2DA857DF00290A81 /* Debug */,
				CF3556802DA857DF00290A81 /* Release */,
			);
			defaultConfigurationIsVisible = 0;
			defaultConfigurationName = Release;
		};
		CF3556832DA857DF00290A81 /* Build configuration list for PBXNativeTarget "TTravelTogetherTests" */ = {
			isa = XCConfigurationList;
			buildConfigurations = (
				CF3556842DA857DF00290A81 /* Debug */,
				CF3556852DA857DF00290A81 /* Release */,
			);
			defaultConfigurationIsVisible = 0;
			defaultConfigurationName = Release;
		};
		CF3556862DA857DF00290A81 /* Build configuration list for PBXNativeTarget "TTravelTogetherUITests" */ = {
			isa = XCConfigurationList;
			buildConfigurations = (
				CF3556872DA857DF00290A81 /* Debug */,
				CF3556882DA857DF00290A81 /* Release */,
			);
			defaultConfigurationIsVisible = 0;
			defaultConfigurationName = Release;
		};
/* End XCConfigurationList section */

/* Begin XCRemoteSwiftPackageReference section */
		CF0C2C492DC90F3B003995F3 /* XCRemoteSwiftPackageReference "Swinject" */ = {
			isa = XCRemoteSwiftPackageReference;
			repositoryURL = "https://github.com/Swinject/Swinject.git";
			requirement = {
				kind = upToNextMajorVersion;
				minimumVersion = 2.9.1;
			};
		};
		CF601D302DA93D7700E98B21 /* XCRemoteSwiftPackageReference "SnapKit" */ = {
			isa = XCRemoteSwiftPackageReference;
			repositoryURL = "https://github.com/SnapKit/SnapKit.git";
			requirement = {
				kind = upToNextMajorVersion;
				minimumVersion = 5.7.1;
			};
		};
		CFAFBEE32DB6EB74002FA8EF /* XCRemoteSwiftPackageReference "SkeletonView" */ = {
			isa = XCRemoteSwiftPackageReference;
			repositoryURL = "https://github.com/Juanpe/SkeletonView.git";
			requirement = {
				kind = upToNextMajorVersion;
				minimumVersion = 1.31.0;
			};
		};
/* End XCRemoteSwiftPackageReference section */

/* Begin XCSwiftPackageProductDependency section */
		CF0C2C4A2DC90F3B003995F3 /* Swinject */ = {
			isa = XCSwiftPackageProductDependency;
			package = CF0C2C492DC90F3B003995F3 /* XCRemoteSwiftPackageReference "Swinject" */;
			productName = Swinject;
		};
		CF601D312DA93D7700E98B21 /* SnapKit */ = {
			isa = XCSwiftPackageProductDependency;
			package = CF601D302DA93D7700E98B21 /* XCRemoteSwiftPackageReference "SnapKit" */;
			productName = SnapKit;
		};
		CFAFBEE42DB6EB74002FA8EF /* SkeletonView */ = {
			isa = XCSwiftPackageProductDependency;
			package = CFAFBEE32DB6EB74002FA8EF /* XCRemoteSwiftPackageReference "SkeletonView" */;
			productName = SkeletonView;
		};
/* End XCSwiftPackageProductDependency section */

/* Begin XCVersionGroup section */
		CF3556912DA8581700290A81 /* TTravelTogether.xcdatamodeld */ = {
			isa = XCVersionGroup;
			children = (
				CF3556942DA8581700290A81 /* TTravelTogether.xcdatamodel */,
			);
			currentVersion = CF3556942DA8581700290A81 /* TTravelTogether.xcdatamodel */;
			path = TTravelTogether.xcdatamodeld;
			sourceTree = "<group>";
			versionGroupType = wrapper.xcdatamodel;
		};
/* End XCVersionGroup section */
	};
	rootObject = CF35564A2DA857DC00290A81 /* Project object */;
}
